
Microsoft Visual Studio Solution File, Format Version 12.00
# Visual Studio Version 17
VisualStudioVersion = 17.0.32112.339
MinimumVisualStudioVersion = 10.0.40219.1
Project("{2150E333-8FDC-42A3-9474-1A3956D46DE8}") = "ShopManagement", "ShopManagement", "{850A208E-2844-4F04-8F57-BF3F200D208C}"
EndProject
Project("{2150E333-8FDC-42A3-9474-1A3956D46DE8}") = "SM.Domain", "SM.Domain", "{07816556-633E-48D5-8954-B7E7427841E3}"
EndProject
Project("{9A19103F-16F7-4668-BE54-9A1E7A4F7556}") = "ShopManagement.Domain", "ShopManagement.Domain\ShopManagement.Domain.csproj", "{5CADF41E-17C2-4941-877D-302C0A4BC31D}"
EndProject
Project("{9A19103F-16F7-4668-BE54-9A1E7A4F7556}") = "0_FrameWork", "0_FrameWork\0_FrameWork.csproj", "{75CE5C2C-DC2A-4FF9-A68D-38DD911B331B}"
EndProject
Project("{2150E333-8FDC-42A3-9474-1A3956D46DE8}") = "SM.Application", "SM.Application", "{75B25FCF-1521-4650-8AB7-6CD70661595B}"
EndProject
Project("{9A19103F-16F7-4668-BE54-9A1E7A4F7556}") = "ShopManagement.Application.Contracts", "ShopManagement.Application.Contracts\ShopManagement.Application.Contracts.csproj", "{2B99661E-63F7-4FE7-B28C-EBB574A4944A}"
EndProject
Project("{9A19103F-16F7-4668-BE54-9A1E7A4F7556}") = "ShopManagement.Application", "ShopManagement.Application\ShopManagement.Application.csproj", "{DD89B44A-5BEF-4229-B4DD-B25D31896D47}"
EndProject
Project("{2150E333-8FDC-42A3-9474-1A3956D46DE8}") = "SM.Infrastructure", "SM.Infrastructure", "{50F2A9C0-14E6-4FAA-AF00-B71FB1C2E09C}"
EndProject
Project("{9A19103F-16F7-4668-BE54-9A1E7A4F7556}") = "ShopManagement.Infrastructure.EFCore", "ShopManagement.Infrastructure.EFCore\ShopManagement.Infrastructure.EFCore.csproj", "{3ACFF764-873A-458A-8360-73BD8D7365D5}"
EndProject
Project("{9A19103F-16F7-4668-BE54-9A1E7A4F7556}") = "ShopManagement.Configuration", "ShopManagement.Configuration\ShopManagement.Configuration.csproj", "{38322B4E-DF73-41C1-BFE1-8B2B5AA130E5}"
EndProject
Project("{9A19103F-16F7-4668-BE54-9A1E7A4F7556}") = "ServiceHost", "ServiceHost\ServiceHost.csproj", "{9EC7CBB4-F91D-49FE-B5EF-BB9A0E5A59A6}"
EndProject
Project("{9A19103F-16F7-4668-BE54-9A1E7A4F7556}") = "01_LampShadeQuery", "01_LampShadeQuery\01_LampShadeQuery.csproj", "{3DE20762-E376-4254-9249-CD904958316A}"
EndProject
Project("{2150E333-8FDC-42A3-9474-1A3956D46DE8}") = "DiscountManagement", "DiscountManagement", "{2BC9EA7F-607C-43C7-8E33-A4BC505F0F09}"
EndProject
Project("{2150E333-8FDC-42A3-9474-1A3956D46DE8}") = "DM.Domain", "DM.Domain", "{9563B131-C576-4FCB-9F7D-D8BFF0A877CC}"
EndProject
Project("{9A19103F-16F7-4668-BE54-9A1E7A4F7556}") = "DiscountManagement.Domain", "DiscountManagement.Domain\DiscountManagement.Domain.csproj", "{92715179-395C-4EAA-9304-22D978283803}"
EndProject
Project("{2150E333-8FDC-42A3-9474-1A3956D46DE8}") = "DM.Application", "DM.Application", "{00AC9966-D058-43AF-A6FE-C41C8428674E}"
EndProject
Project("{9A19103F-16F7-4668-BE54-9A1E7A4F7556}") = "DiscountManagement.Application.Contract", "DiscountManagement.Application.Contract\DiscountManagement.Application.Contract.csproj", "{E19401CE-FE26-4789-8F3E-A5D2B60B36E1}"
EndProject
Project("{9A19103F-16F7-4668-BE54-9A1E7A4F7556}") = "DiscountManagement.Application", "DiscountManagement.Application\DiscountManagement.Application.csproj", "{D8E825E3-5CF5-4993-B260-16AF9F3C687E}"
EndProject
Project("{2150E333-8FDC-42A3-9474-1A3956D46DE8}") = "DM.Infrastructure", "DM.Infrastructure", "{19125813-8F08-47EF-ACE8-BDCAC74FEA51}"
EndProject
Project("{9A19103F-16F7-4668-BE54-9A1E7A4F7556}") = "DiscountManagement.Infrastructure.EfCore", "DiscountManagement.Infrastructure.EfCore\DiscountManagement.Infrastructure.EfCore.csproj", "{52B86601-23A9-44F0-9A13-9A220F21C904}"
EndProject
Project("{9A19103F-16F7-4668-BE54-9A1E7A4F7556}") = "DiscountManagement.Configuration", "DiscountManagement.Configuration\DiscountManagement.Configuration.csproj", "{5665CC03-AA38-4780-8975-5CA98B91F41F}"
EndProject
Project("{2150E333-8FDC-42A3-9474-1A3956D46DE8}") = "InventoryManagement", "InventoryManagement", "{AF487E51-3696-47F1-AA44-B69A0FB1D55D}"
EndProject
Project("{2150E333-8FDC-42A3-9474-1A3956D46DE8}") = "IM.Domain", "IM.Domain", "{121961A6-4F4C-41A8-8EA5-51D9B65CEF0A}"
EndProject
Project("{9A19103F-16F7-4668-BE54-9A1E7A4F7556}") = "InventoryManagement.Domain", "InventoryManagement.Domain\InventoryManagement.Domain.csproj", "{397CE58A-B16A-429D-A073-5E6A29CF857E}"
EndProject
Project("{2150E333-8FDC-42A3-9474-1A3956D46DE8}") = "IM.Application", "IM.Application", "{317C2748-6651-42E7-8C1F-62D45BE772D4}"
EndProject
Project("{9A19103F-16F7-4668-BE54-9A1E7A4F7556}") = "InventoryManagement.Application.Contract", "InventoryManagement.Application.Contract\InventoryManagement.Application.Contract.csproj", "{7E71B67C-4F0E-4DD2-BFB7-3A3A87300894}"
EndProject
Project("{2150E333-8FDC-42A3-9474-1A3956D46DE8}") = "IM.Infrastructure", "IM.Infrastructure", "{CFF9AE2F-79B3-4998-8CB9-924F4439CFC1}"
EndProject
Project("{9A19103F-16F7-4668-BE54-9A1E7A4F7556}") = "InventoryManagement.Infrastructure.EfCore", "InventoryManagement.Infrastructure.EfCore\InventoryManagement.Infrastructure.EfCore.csproj", "{1FF4939A-FE72-4799-B72A-D3DB7B3560A6}"
EndProject
Project("{9A19103F-16F7-4668-BE54-9A1E7A4F7556}") = "InventoryManagement.Infrastructure.Configuration", "InventoryManagement.Infrastructure.Configuration\InventoryManagement.Infrastructure.Configuration.csproj", "{2B23F01B-DA78-4655-8B61-B5C1A49CD4ED}"
EndProject
Project("{9A19103F-16F7-4668-BE54-9A1E7A4F7556}") = "InventoryManagement.Application", "InventoryManagement.Application\InventoryManagement.Application.csproj", "{0FE5C999-69C7-47D7-A2A5-A555E1932575}"
EndProject
Global
	GlobalSection(SolutionConfigurationPlatforms) = preSolution
		Debug|Any CPU = Debug|Any CPU
		Release|Any CPU = Release|Any CPU
	EndGlobalSection
	GlobalSection(ProjectConfigurationPlatforms) = postSolution
		{5CADF41E-17C2-4941-877D-302C0A4BC31D}.Debug|Any CPU.ActiveCfg = Debug|Any CPU
		{5CADF41E-17C2-4941-877D-302C0A4BC31D}.Debug|Any CPU.Build.0 = Debug|Any CPU
		{5CADF41E-17C2-4941-877D-302C0A4BC31D}.Release|Any CPU.ActiveCfg = Release|Any CPU
		{5CADF41E-17C2-4941-877D-302C0A4BC31D}.Release|Any CPU.Build.0 = Release|Any CPU
		{75CE5C2C-DC2A-4FF9-A68D-38DD911B331B}.Debug|Any CPU.ActiveCfg = Debug|Any CPU
		{75CE5C2C-DC2A-4FF9-A68D-38DD911B331B}.Debug|Any CPU.Build.0 = Debug|Any CPU
		{75CE5C2C-DC2A-4FF9-A68D-38DD911B331B}.Release|Any CPU.ActiveCfg = Release|Any CPU
		{75CE5C2C-DC2A-4FF9-A68D-38DD911B331B}.Release|Any CPU.Build.0 = Release|Any CPU
		{2B99661E-63F7-4FE7-B28C-EBB574A4944A}.Debug|Any CPU.ActiveCfg = Debug|Any CPU
		{2B99661E-63F7-4FE7-B28C-EBB574A4944A}.Debug|Any CPU.Build.0 = Debug|Any CPU
		{2B99661E-63F7-4FE7-B28C-EBB574A4944A}.Release|Any CPU.ActiveCfg = Release|Any CPU
		{2B99661E-63F7-4FE7-B28C-EBB574A4944A}.Release|Any CPU.Build.0 = Release|Any CPU
		{DD89B44A-5BEF-4229-B4DD-B25D31896D47}.Debug|Any CPU.ActiveCfg = Debug|Any CPU
		{DD89B44A-5BEF-4229-B4DD-B25D31896D47}.Debug|Any CPU.Build.0 = Debug|Any CPU
		{DD89B44A-5BEF-4229-B4DD-B25D31896D47}.Release|Any CPU.ActiveCfg = Release|Any CPU
		{DD89B44A-5BEF-4229-B4DD-B25D31896D47}.Release|Any CPU.Build.0 = Release|Any CPU
		{3ACFF764-873A-458A-8360-73BD8D7365D5}.Debug|Any CPU.ActiveCfg = Debug|Any CPU
		{3ACFF764-873A-458A-8360-73BD8D7365D5}.Debug|Any CPU.Build.0 = Debug|Any CPU
		{3ACFF764-873A-458A-8360-73BD8D7365D5}.Release|Any CPU.ActiveCfg = Release|Any CPU
		{3ACFF764-873A-458A-8360-73BD8D7365D5}.Release|Any CPU.Build.0 = Release|Any CPU
		{38322B4E-DF73-41C1-BFE1-8B2B5AA130E5}.Debug|Any CPU.ActiveCfg = Debug|Any CPU
		{38322B4E-DF73-41C1-BFE1-8B2B5AA130E5}.Debug|Any CPU.Build.0 = Debug|Any CPU
		{38322B4E-DF73-41C1-BFE1-8B2B5AA130E5}.Release|Any CPU.ActiveCfg = Release|Any CPU
		{38322B4E-DF73-41C1-BFE1-8B2B5AA130E5}.Release|Any CPU.Build.0 = Release|Any CPU
		{9EC7CBB4-F91D-49FE-B5EF-BB9A0E5A59A6}.Debug|Any CPU.ActiveCfg = Debug|Any CPU
		{9EC7CBB4-F91D-49FE-B5EF-BB9A0E5A59A6}.Debug|Any CPU.Build.0 = Debug|Any CPU
		{9EC7CBB4-F91D-49FE-B5EF-BB9A0E5A59A6}.Release|Any CPU.ActiveCfg = Release|Any CPU
		{9EC7CBB4-F91D-49FE-B5EF-BB9A0E5A59A6}.Release|Any CPU.Build.0 = Release|Any CPU
		{3DE20762-E376-4254-9249-CD904958316A}.Debug|Any CPU.ActiveCfg = Debug|Any CPU
		{3DE20762-E376-4254-9249-CD904958316A}.Debug|Any CPU.Build.0 = Debug|Any CPU
		{3DE20762-E376-4254-9249-CD904958316A}.Release|Any CPU.ActiveCfg = Release|Any CPU
		{3DE20762-E376-4254-9249-CD904958316A}.Release|Any CPU.Build.0 = Release|Any CPU
		{92715179-395C-4EAA-9304-22D978283803}.Debug|Any CPU.ActiveCfg = Debug|Any CPU
		{92715179-395C-4EAA-9304-22D978283803}.Debug|Any CPU.Build.0 = Debug|Any CPU
		{92715179-395C-4EAA-9304-22D978283803}.Release|Any CPU.ActiveCfg = Release|Any CPU
		{92715179-395C-4EAA-9304-22D978283803}.Release|Any CPU.Build.0 = Release|Any CPU
		{E19401CE-FE26-4789-8F3E-A5D2B60B36E1}.Debug|Any CPU.ActiveCfg = Debug|Any CPU
		{E19401CE-FE26-4789-8F3E-A5D2B60B36E1}.Debug|Any CPU.Build.0 = Debug|Any CPU
		{E19401CE-FE26-4789-8F3E-A5D2B60B36E1}.Release|Any CPU.ActiveCfg = Release|Any CPU
		{E19401CE-FE26-4789-8F3E-A5D2B60B36E1}.Release|Any CPU.Build.0 = Release|Any CPU
		{D8E825E3-5CF5-4993-B260-16AF9F3C687E}.Debug|Any CPU.ActiveCfg = Debug|Any CPU
		{D8E825E3-5CF5-4993-B260-16AF9F3C687E}.Debug|Any CPU.Build.0 = Debug|Any CPU
		{D8E825E3-5CF5-4993-B260-16AF9F3C687E}.Release|Any CPU.ActiveCfg = Release|Any CPU
		{D8E825E3-5CF5-4993-B260-16AF9F3C687E}.Release|Any CPU.Build.0 = Release|Any CPU
		{52B86601-23A9-44F0-9A13-9A220F21C904}.Debug|Any CPU.ActiveCfg = Debug|Any CPU
		{52B86601-23A9-44F0-9A13-9A220F21C904}.Debug|Any CPU.Build.0 = Debug|Any CPU
		{52B86601-23A9-44F0-9A13-9A220F21C904}.Release|Any CPU.ActiveCfg = Release|Any CPU
		{52B86601-23A9-44F0-9A13-9A220F21C904}.Release|Any CPU.Build.0 = Release|Any CPU
		{5665CC03-AA38-4780-8975-5CA98B91F41F}.Debug|Any CPU.ActiveCfg = Debug|Any CPU
		{5665CC03-AA38-4780-8975-5CA98B91F41F}.Debug|Any CPU.Build.0 = Debug|Any CPU
		{5665CC03-AA38-4780-8975-5CA98B91F41F}.Release|Any CPU.ActiveCfg = Release|Any CPU
		{5665CC03-AA38-4780-8975-5CA98B91F41F}.Release|Any CPU.Build.0 = Release|Any CPU
		{397CE58A-B16A-429D-A073-5E6A29CF857E}.Debug|Any CPU.ActiveCfg = Debug|Any CPU
		{397CE58A-B16A-429D-A073-5E6A29CF857E}.Debug|Any CPU.Build.0 = Debug|Any CPU
		{397CE58A-B16A-429D-A073-5E6A29CF857E}.Release|Any CPU.ActiveCfg = Release|Any CPU
		{397CE58A-B16A-429D-A073-5E6A29CF857E}.Release|Any CPU.Build.0 = Release|Any CPU
		{7E71B67C-4F0E-4DD2-BFB7-3A3A87300894}.Debug|Any CPU.ActiveCfg = Debug|Any CPU
		{7E71B67C-4F0E-4DD2-BFB7-3A3A87300894}.Debug|Any CPU.Build.0 = Debug|Any CPU
		{7E71B67C-4F0E-4DD2-BFB7-3A3A87300894}.Release|Any CPU.ActiveCfg = Release|Any CPU
		{7E71B67C-4F0E-4DD2-BFB7-3A3A87300894}.Release|Any CPU.Build.0 = Release|Any CPU
		{1FF4939A-FE72-4799-B72A-D3DB7B3560A6}.Debug|Any CPU.ActiveCfg = Debug|Any CPU
		{1FF4939A-FE72-4799-B72A-D3DB7B3560A6}.Debug|Any CPU.Build.0 = Debug|Any CPU
		{1FF4939A-FE72-4799-B72A-D3DB7B3560A6}.Release|Any CPU.ActiveCfg = Release|Any CPU
		{1FF4939A-FE72-4799-B72A-D3DB7B3560A6}.Release|Any CPU.Build.0 = Release|Any CPU
		{2B23F01B-DA78-4655-8B61-B5C1A49CD4ED}.Debug|Any CPU.ActiveCfg = Debug|Any CPU
		{2B23F01B-DA78-4655-8B61-B5C1A49CD4ED}.Debug|Any CPU.Build.0 = Debug|Any CPU
		{2B23F01B-DA78-4655-8B61-B5C1A49CD4ED}.Release|Any CPU.ActiveCfg = Release|Any CPU
		{2B23F01B-DA78-4655-8B61-B5C1A49CD4ED}.Release|Any CPU.Build.0 = Release|Any CPU
		{0FE5C999-69C7-47D7-A2A5-A555E1932575}.Debug|Any CPU.ActiveCfg = Debug|Any CPU
		{0FE5C999-69C7-47D7-A2A5-A555E1932575}.Debug|Any CPU.Build.0 = Debug|Any CPU
		{0FE5C999-69C7-47D7-A2A5-A555E1932575}.Release|Any CPU.ActiveCfg = Release|Any CPU
		{0FE5C999-69C7-47D7-A2A5-A555E1932575}.Release|Any CPU.Build.0 = Release|Any CPU
	EndGlobalSection
	GlobalSection(SolutionProperties) = preSolution
		HideSolutionNode = FALSE
	EndGlobalSection
	GlobalSection(NestedProjects) = preSolution
		{07816556-633E-48D5-8954-B7E7427841E3} = {850A208E-2844-4F04-8F57-BF3F200D208C}
		{5CADF41E-17C2-4941-877D-302C0A4BC31D} = {07816556-633E-48D5-8954-B7E7427841E3}
		{75B25FCF-1521-4650-8AB7-6CD70661595B} = {850A208E-2844-4F04-8F57-BF3F200D208C}
		{2B99661E-63F7-4FE7-B28C-EBB574A4944A} = {75B25FCF-1521-4650-8AB7-6CD70661595B}
		{DD89B44A-5BEF-4229-B4DD-B25D31896D47} = {75B25FCF-1521-4650-8AB7-6CD70661595B}
		{50F2A9C0-14E6-4FAA-AF00-B71FB1C2E09C} = {850A208E-2844-4F04-8F57-BF3F200D208C}
		{3ACFF764-873A-458A-8360-73BD8D7365D5} = {50F2A9C0-14E6-4FAA-AF00-B71FB1C2E09C}
		{38322B4E-DF73-41C1-BFE1-8B2B5AA130E5} = {50F2A9C0-14E6-4FAA-AF00-B71FB1C2E09C}
		{9563B131-C576-4FCB-9F7D-D8BFF0A877CC} = {2BC9EA7F-607C-43C7-8E33-A4BC505F0F09}
		{92715179-395C-4EAA-9304-22D978283803} = {9563B131-C576-4FCB-9F7D-D8BFF0A877CC}
		{00AC9966-D058-43AF-A6FE-C41C8428674E} = {2BC9EA7F-607C-43C7-8E33-A4BC505F0F09}
		{E19401CE-FE26-4789-8F3E-A5D2B60B36E1} = {00AC9966-D058-43AF-A6FE-C41C8428674E}
		{D8E825E3-5CF5-4993-B260-16AF9F3C687E} = {00AC9966-D058-43AF-A6FE-C41C8428674E}
		{19125813-8F08-47EF-ACE8-BDCAC74FEA51} = {2BC9EA7F-607C-43C7-8E33-A4BC505F0F09}
		{52B86601-23A9-44F0-9A13-9A220F21C904} = {19125813-8F08-47EF-ACE8-BDCAC74FEA51}
		{5665CC03-AA38-4780-8975-5CA98B91F41F} = {19125813-8F08-47EF-ACE8-BDCAC74FEA51}
		{121961A6-4F4C-41A8-8EA5-51D9B65CEF0A} = {AF487E51-3696-47F1-AA44-B69A0FB1D55D}
		{397CE58A-B16A-429D-A073-5E6A29CF857E} = {121961A6-4F4C-41A8-8EA5-51D9B65CEF0A}
		{317C2748-6651-42E7-8C1F-62D45BE772D4} = {AF487E51-3696-47F1-AA44-B69A0FB1D55D}
		{7E71B67C-4F0E-4DD2-BFB7-3A3A87300894} = {317C2748-6651-42E7-8C1F-62D45BE772D4}
		{CFF9AE2F-79B3-4998-8CB9-924F4439CFC1} = {AF487E51-3696-47F1-AA44-B69A0FB1D55D}
		{1FF4939A-FE72-4799-B72A-D3DB7B3560A6} = {CFF9AE2F-79B3-4998-8CB9-924F4439CFC1}
		{2B23F01B-DA78-4655-8B61-B5C1A49CD4ED} = {CFF9AE2F-79B3-4998-8CB9-924F4439CFC1}
		{0FE5C999-69C7-47D7-A2A5-A555E1932575} = {317C2748-6651-42E7-8C1F-62D45BE772D4}
	EndGlobalSection
	GlobalSection(ExtensibilityGlobals) = postSolution
		SolutionGuid = {C3B14B87-7486-47C6-B855-545750D5D6BE}
	EndGlobalSection
EndGlobal
